Microsoft Visual Studio Solution File, Format Version 12.00
# Visual Studio Version 17
VisualStudioVersion = 17.5.2.0
MinimumVisualStudioVersion = 10.0.40219.1
Project("{FAE04EC0-301F-11D3-BF4B-00C04F79EFBC}") = "AFMCP", "AFMCP.csproj", "{CD54262A-F1B2-A854-0066-69A84E6F48A4}"
EndProject
Global
	GlobalSection(SolutionConfigurationPlatforms) = preSolution
		Debug|Any CPU = Debug|Any CPU
		Release|Any CPU = Release|Any CPU
	EndGlobalSection
	GlobalSection(ProjectConfigurationPlatforms) = postSolution
		{CD54262A-F1B2-A854-0066-69A84E6F48A4}.Debug|Any CPU.ActiveCfg = Debug|Any CPU
		{CD54262A-F1B2-A854-0066-69A84E6F48A4}.Debug|Any CPU.Build.0 = Debug|Any CPU
		{CD54262A-F1B2-A854-0066-69A84E6F48A4}.Release|Any CPU.ActiveCfg = Release|Any CPU
		{CD54262A-F1B2-A854-0066-69A84E6F48A4}.Release|Any CPU.Build.0 = Release|Any CPU
	EndGlobalSection
	GlobalSection(SolutionProperties) = preSolution
		HideSolutionNode = FALSE
	EndGlobalSection
	GlobalSection(ExtensibilityGlobals) = postSolution
		SolutionGuid = {23E320FC-2B8E-427D-BB7E-7DE7FA9C609F}
	EndGlobalSection
EndGlobal
