Microsoft Visual Studio Solution File, Format Version 12.00
# Visual Studio Version 17
VisualStudioVersion = 17.5.2.0
MinimumVisualStudioVersion = 10.0.40219.1
Project("{FAE04EC0-301F-11D3-BF4B-00C04F79EFBC}") = "agent1a", "agent1a.csproj", "{9079D4CD-3CAB-67D0-FB12-8545016F8BFB}"
EndProject
Global
	GlobalSection(SolutionConfigurationPlatforms) = preSolution
		Debug|Any CPU = Debug|Any CPU
		Release|Any CPU = Release|Any CPU
	EndGlobalSection
	GlobalSection(ProjectConfigurationPlatforms) = postSolution
		{9079D4CD-3CAB-67D0-FB12-8545016F8BFB}.Debug|Any CPU.ActiveCfg = Debug|Any CPU
		{9079D4CD-3CAB-67D0-FB12-8545016F8BFB}.Debug|Any CPU.Build.0 = Debug|Any CPU
		{9079D4CD-3CAB-67D0-FB12-8545016F8BFB}.Release|Any CPU.ActiveCfg = Release|Any CPU
		{9079D4CD-3CAB-67D0-FB12-8545016F8BFB}.Release|Any CPU.Build.0 = Release|Any CPU
	EndGlobalSection
	GlobalSection(SolutionProperties) = preSolution
		HideSolutionNode = FALSE
	EndGlobalSection
	GlobalSection(ExtensibilityGlobals) = postSolution
		SolutionGuid = {408AEBB8-8800-4F3A-A671-8872CDE84374}
	EndGlobalSection
EndGlobal
